
Microsoft Visual Studio Solution File, Format Version 12.00
# Visual Studio Version 17
VisualStudioVersion = 17.1.32328.378
MinimumVisualStudioVersion = 10.0.40219.1
Project("{2150E333-8FDC-42A3-9474-1A3956D46DE8}") = "Solution Items", "Solution Items", "{A91FB6A1-17A6-4EA1-A9C3-9C229C10A709}"
	ProjectSection(SolutionItems) = preProject
		.gitignore = .gitignore
		AMAPI.md = AMAPI.md
		CHANGELOG.md = CHANGELOG.md
		Directory.Build.props = Directory.Build.props
		.github\workflows\dotnet.yml = .github\workflows\dotnet.yml
		LICENSE = LICENSE
		README.md = README.md
		RELEASE.md = RELEASE.md
	EndProjectSection
EndProject
Project("{9A19103F-16F7-4668-BE54-9A1E7A4F7556}") = "ActionMenuApi", "ActionMenuApi\ActionMenuApi.csproj", "{4F1AFCA6-F4AC-49B9-9FEE-3C83C4664835}"
EndProject
Project("{9A19103F-16F7-4668-BE54-9A1E7A4F7556}") = "WorldPredownload", "WorldPredownload\WorldPredownload.csproj", "{24F66D86-8B5C-4E4E-BCC2-06662E66C0EC}"
EndProject
Project("{9A19103F-16F7-4668-BE54-9A1E7A4F7556}") = "ActionMenuUtils", "ActionMenuUtils\ActionMenuUtils.csproj", "{7477F0C4-44AC-4049-A81E-E6A66F28B73C}"
EndProject
Project("{9A19103F-16F7-4668-BE54-9A1E7A4F7556}") = "StandaloneThirdPerson", "StandaloneThirdPerson\StandaloneThirdPerson.csproj", "{A5F07D37-CAB2-43C7-98AF-F8184CC71DA1}"
EndProject
Project("{9A19103F-16F7-4668-BE54-9A1E7A4F7556}") = "ActionMenuTestMod", "ActionMenuTestMod\ActionMenuTestMod.csproj", "{3E808C0A-0BF6-4DC6-808C-3BF377CC1E8E}"
EndProject
Project("{2150E333-8FDC-42A3-9474-1A3956D46DE8}") = "Mods", "Mods", "{0AD02E34-80CC-4F88-9854-EB8DCA598060}"
EndProject
Global
	GlobalSection(SolutionConfigurationPlatforms) = preSolution
		Debug|Any CPU = Debug|Any CPU
		Release|Any CPU = Release|Any CPU
	EndGlobalSection
	GlobalSection(ProjectConfigurationPlatforms) = postSolution
		{4F1AFCA6-F4AC-49B9-9FEE-3C83C4664835}.Debug|Any CPU.ActiveCfg = Debug|Any CPU
		{4F1AFCA6-F4AC-49B9-9FEE-3C83C4664835}.Debug|Any CPU.Build.0 = Debug|Any CPU
		{4F1AFCA6-F4AC-49B9-9FEE-3C83C4664835}.Release|Any CPU.ActiveCfg = Release|Any CPU
		{4F1AFCA6-F4AC-49B9-9FEE-3C83C4664835}.Release|Any CPU.Build.0 = Release|Any CPU
		{24F66D86-8B5C-4E4E-BCC2-06662E66C0EC}.Debug|Any CPU.ActiveCfg = Debug|Any CPU
		{24F66D86-8B5C-4E4E-BCC2-06662E66C0EC}.Debug|Any CPU.Build.0 = Debug|Any CPU
		{24F66D86-8B5C-4E4E-BCC2-06662E66C0EC}.Release|Any CPU.ActiveCfg = Release|Any CPU
		{24F66D86-8B5C-4E4E-BCC2-06662E66C0EC}.Release|Any CPU.Build.0 = Release|Any CPU
		{7477F0C4-44AC-4049-A81E-E6A66F28B73C}.Debug|Any CPU.ActiveCfg = Debug|Any CPU
		{7477F0C4-44AC-4049-A81E-E6A66F28B73C}.Debug|Any CPU.Build.0 = Debug|Any CPU
		{7477F0C4-44AC-4049-A81E-E6A66F28B73C}.Release|Any CPU.ActiveCfg = Release|Any CPU
		{7477F0C4-44AC-4049-A81E-E6A66F28B73C}.Release|Any CPU.Build.0 = Release|Any CPU
		{A5F07D37-CAB2-43C7-98AF-F8184CC71DA1}.Debug|Any CPU.ActiveCfg = Debug|Any CPU
		{A5F07D37-CAB2-43C7-98AF-F8184CC71DA1}.Debug|Any CPU.Build.0 = Debug|Any CPU
		{A5F07D37-CAB2-43C7-98AF-F8184CC71DA1}.Release|Any CPU.ActiveCfg = Release|Any CPU
		{A5F07D37-CAB2-43C7-98AF-F8184CC71DA1}.Release|Any CPU.Build.0 = Release|Any CPU
		{3E808C0A-0BF6-4DC6-808C-3BF377CC1E8E}.Debug|Any CPU.ActiveCfg = Debug|Any CPU
		{3E808C0A-0BF6-4DC6-808C-3BF377CC1E8E}.Debug|Any CPU.Build.0 = Debug|Any CPU
		{3E808C0A-0BF6-4DC6-808C-3BF377CC1E8E}.Release|Any CPU.ActiveCfg = Release|Any CPU
		{3E808C0A-0BF6-4DC6-808C-3BF377CC1E8E}.Release|Any CPU.Build.0 = Release|Any CPU
	EndGlobalSection
	GlobalSection(SolutionProperties) = preSolution
		HideSolutionNode = FALSE
	EndGlobalSection
	GlobalSection(NestedProjects) = preSolution
		{4F1AFCA6-F4AC-49B9-9FEE-3C83C4664835} = {0AD02E34-80CC-4F88-9854-EB8DCA598060}
		{24F66D86-8B5C-4E4E-BCC2-06662E66C0EC} = {0AD02E34-80CC-4F88-9854-EB8DCA598060}
		{7477F0C4-44AC-4049-A81E-E6A66F28B73C} = {0AD02E34-80CC-4F88-9854-EB8DCA598060}
		{A5F07D37-CAB2-43C7-98AF-F8184CC71DA1} = {0AD02E34-80CC-4F88-9854-EB8DCA598060}
		{3E808C0A-0BF6-4DC6-808C-3BF377CC1E8E} = {0AD02E34-80CC-4F88-9854-EB8DCA598060}
	EndGlobalSection
	GlobalSection(ExtensibilityGlobals) = postSolution
		SolutionGuid = {D8E332F1-654D-45B3-95BA-972405424FE4}
	EndGlobalSection
EndGlobal
